// !$*UTF8*$!
{
	archiveVersion = 1;
	classes = {
	};
	objectVersion = 46;
	objects = {

/* Begin PBXBuildFile section */
		2E6CB1E3141602AC00E0CFFC /* Foundation.framework in Frameworks */ = {isa = PBXBuildFile; fileRef = 2E6CB1E2141602AC00E0CFFC /* Foundation.framework */; };
		2E6CB1E5141602AC00E0CFFC /* UIKit.framework in Frameworks */ = {isa = PBXBuildFile; fileRef = 2E6CB1E4141602AC00E0CFFC /* UIKit.framework */; };
		2E6CB1E7141602AC00E0CFFC /* CoreGraphics.framework in Frameworks */ = {isa = PBXBuildFile; fileRef = 2E6CB1E6141602AC00E0CFFC /* CoreGraphics.framework */; };
		2E6CB1E9141602AC00E0CFFC /* AddressBook.framework in Frameworks */ = {isa = PBXBuildFile; fileRef = 2E6CB1E8141602AC00E0CFFC /* AddressBook.framework */; };
		2E6CB1EB141602AC00E0CFFC /* AddressBookUI.framework in Frameworks */ = {isa = PBXBuildFile; fileRef = 2E6CB1EA141602AC00E0CFFC /* AddressBookUI.framework */; };
		2E6CB1ED141602AC00E0CFFC /* AudioToolbox.framework in Frameworks */ = {isa = PBXBuildFile; fileRef = 2E6CB1EC141602AC00E0CFFC /* AudioToolbox.framework */; };
		2E6CB1EF141602AC00E0CFFC /* AVFoundation.framework in Frameworks */ = {isa = PBXBuildFile; fileRef = 2E6CB1EE141602AC00E0CFFC /* AVFoundation.framework */; };
		2E6CB1F1141602AC00E0CFFC /* CoreLocation.framework in Frameworks */ = {isa = PBXBuildFile; fileRef = 2E6CB1F0141602AC00E0CFFC /* CoreLocation.framework */; };
		2E6CB1F3141602AC00E0CFFC /* MediaPlayer.framework in Frameworks */ = {isa = PBXBuildFile; fileRef = 2E6CB1F2141602AC00E0CFFC /* MediaPlayer.framework */; };
		2E6CB1F5141602AC00E0CFFC /* QuartzCore.framework in Frameworks */ = {isa = PBXBuildFile; fileRef = 2E6CB1F4141602AC00E0CFFC /* QuartzCore.framework */; };
		2E6CB1F7141602AC00E0CFFC /* SystemConfiguration.framework in Frameworks */ = {isa = PBXBuildFile; fileRef = 2E6CB1F6141602AC00E0CFFC /* SystemConfiguration.framework */; };
		2E6CB1F9141602AC00E0CFFC /* MobileCoreServices.framework in Frameworks */ = {isa = PBXBuildFile; fileRef = 2E6CB1F8141602AC00E0CFFC /* MobileCoreServices.framework */; };
		2E6CB1FB141602AC00E0CFFC /* CoreMedia.framework in Frameworks */ = {isa = PBXBuildFile; fileRef = 2E6CB1FA141602AC00E0CFFC /* CoreMedia.framework */; };
		2E6CB201141602AC00E0CFFC /* InfoPlist.strings in Resources */ = {isa = PBXBuildFile; fileRef = 2E6CB1FF141602AC00E0CFFC /* InfoPlist.strings */; };
		2E6CB203141602AC00E0CFFC /* main.m in Sources */ = {isa = PBXBuildFile; fileRef = 2E6CB202141602AC00E0CFFC /* main.m */; };
		2E6CB206141602AC00E0CFFC /* PhoneGap.framework in Frameworks */ = {isa = PBXBuildFile; fileRef = 2E6CB205141602AC00E0CFFC /* PhoneGap.framework */; };
		2E6CB20B141602AC00E0CFFC /* Localizable.strings in Resources */ = {isa = PBXBuildFile; fileRef = 2E6CB209141602AC00E0CFFC /* Localizable.strings */; };
		2E6CB20F141602AD00E0CFFC /* Localizable.strings in Resources */ = {isa = PBXBuildFile; fileRef = 2E6CB20D141602AD00E0CFFC /* Localizable.strings */; };
		2E6CB212141602AD00E0CFFC /* icon.png in Resources */ = {isa = PBXBuildFile; fileRef = 2E6CB211141602AD00E0CFFC /* icon.png */; };
		2E6CB214141602AD00E0CFFC /* icon@2x.png in Resources */ = {isa = PBXBuildFile; fileRef = 2E6CB213141602AD00E0CFFC /* icon@2x.png */; };
		2E6CB216141602AD00E0CFFC /* icon-72.png in Resources */ = {isa = PBXBuildFile; fileRef = 2E6CB215141602AD00E0CFFC /* icon-72.png */; };
		2E6CB219141602AD00E0CFFC /* Default.png in Resources */ = {isa = PBXBuildFile; fileRef = 2E6CB218141602AD00E0CFFC /* Default.png */; };
		2E6CB21B141602AD00E0CFFC /* Default@2x.png in Resources */ = {isa = PBXBuildFile; fileRef = 2E6CB21A141602AD00E0CFFC /* Default@2x.png */; };
		2E6CB21D141602AD00E0CFFC /* Capture.bundle in Resources */ = {isa = PBXBuildFile; fileRef = 2E6CB21C141602AD00E0CFFC /* Capture.bundle */; };
		2E6CB21F141602AE00E0CFFC /* PhoneGap.plist in Resources */ = {isa = PBXBuildFile; fileRef = 2E6CB21E141602AE00E0CFFC /* PhoneGap.plist */; };
		2E6CB223141602AE00E0CFFC /* AppDelegate.m in Sources */ = {isa = PBXBuildFile; fileRef = 2E6CB222141602AE00E0CFFC /* AppDelegate.m */; };
		2E6CB257141603CB00E0CFFC /* BWApp.m in Sources */ = {isa = PBXBuildFile; fileRef = 2E6CB237141603CA00E0CFFC /* BWApp.m */; };
		2E6CB258141603CB00E0CFFC /* BWGlobal.m in Sources */ = {isa = PBXBuildFile; fileRef = 2E6CB239141603CA00E0CFFC /* BWGlobal.m */; };
		2E6CB259141603CB00E0CFFC /* BWHockeyManager.m in Sources */ = {isa = PBXBuildFile; fileRef = 2E6CB23B141603CA00E0CFFC /* BWHockeyManager.m */; };
		2E6CB25A141603CB00E0CFFC /* BWHockeySettingsViewController.m in Sources */ = {isa = PBXBuildFile; fileRef = 2E6CB23D141603CA00E0CFFC /* BWHockeySettingsViewController.m */; };
		2E6CB25B141603CB00E0CFFC /* BWHockeyViewController.m in Sources */ = {isa = PBXBuildFile; fileRef = 2E6CB23F141603CA00E0CFFC /* BWHockeyViewController.m */; };
		2E6CB25C141603CB00E0CFFC /* NSString+HockeyAdditions.m in Sources */ = {isa = PBXBuildFile; fileRef = 2E6CB242141603CA00E0CFFC /* NSString+HockeyAdditions.m */; };
		2E6CB25D141603CB00E0CFFC /* PSAppStoreHeader.m in Sources */ = {isa = PBXBuildFile; fileRef = 2E6CB244141603CA00E0CFFC /* PSAppStoreHeader.m */; };
		2E6CB25E141603CB00E0CFFC /* PSStoreButton.m in Sources */ = {isa = PBXBuildFile; fileRef = 2E6CB246141603CA00E0CFFC /* PSStoreButton.m */; };
		2E6CB25F141603CB00E0CFFC /* PSWebTableViewCell.m in Sources */ = {isa = PBXBuildFile; fileRef = 2E6CB248141603CA00E0CFFC /* PSWebTableViewCell.m */; };
		2E6CB260141603CB00E0CFFC /* UIImage+HockeyAdditions.m in Sources */ = {isa = PBXBuildFile; fileRef = 2E6CB24A141603CA00E0CFFC /* UIImage+HockeyAdditions.m */; };
		2E6CB261141603CB00E0CFFC /* Hockey.bundle in Resources */ = {isa = PBXBuildFile; fileRef = 2E6CB24B141603CA00E0CFFC /* Hockey.bundle */; };
		2E6CB262141603CB00E0CFFC /* JSONKit.m in Sources */ = {isa = PBXBuildFile; fileRef = 2E6CB24E141603CA00E0CFFC /* JSONKit.m */; };
		2E6CB263141603CB00E0CFFC /* README.md in Resources */ = {isa = PBXBuildFile; fileRef = 2E6CB24F141603CA00E0CFFC /* README.md */; };
		2E6CB264141603CB00E0CFFC /* LICENSE.txt in Resources */ = {isa = PBXBuildFile; fileRef = 2E6CB250141603CA00E0CFFC /* LICENSE.txt */; };
		2E6CB265141603CB00E0CFFC /* BWQuincyManager.m in Sources */ = {isa = PBXBuildFile; fileRef = 2E6CB253141603CA00E0CFFC /* BWQuincyManager.m */; };
		2E6CB266141603CB00E0CFFC /* CrashReporter.framework in Frameworks */ = {isa = PBXBuildFile; fileRef = 2E6CB254141603CA00E0CFFC /* CrashReporter.framework */; };
		2E6CB267141603CB00E0CFFC /* LICENSE.txt in Resources */ = {isa = PBXBuildFile; fileRef = 2E6CB255141603CA00E0CFFC /* LICENSE.txt */; };
		2E6CB268141603CB00E0CFFC /* Quincy.bundle in Resources */ = {isa = PBXBuildFile; fileRef = 2E6CB256141603CA00E0CFFC /* Quincy.bundle */; };
		2E6CB26A141604E000E0CFFC /* www in Resources */ = {isa = PBXBuildFile; fileRef = 2E6CB269141604E000E0CFFC /* www */; };
		2E6CB26D1416054500E0CFFC /* HockeyApp.m in Sources */ = {isa = PBXBuildFile; fileRef = 2E6CB26C1416054500E0CFFC /* HockeyApp.m */; };
/* End PBXBuildFile section */

/* Begin PBXFileReference section */
		2E6CB1DE141602AC00E0CFFC /* pluginHockeyApp.app */ = {isa = PBXFileReference; explicitFileType = wrapper.application; includeInIndex = 0; path = pluginHockeyApp.app; sourceTree = BUILT_PRODUCTS_DIR; };
		2E6CB1E2141602AC00E0CFFC /* Foundation.framework */ = {isa = PBXFileReference; lastKnownFileType = wrapper.framework; name = Foundation.framework; path = System/Library/Frameworks/Foundation.framework; sourceTree = SDKROOT; };
		2E6CB1E4141602AC00E0CFFC /* UIKit.framework */ = {isa = PBXFileReference; lastKnownFileType = wrapper.framework; name = UIKit.framework; path = System/Library/Frameworks/UIKit.framework; sourceTree = SDKROOT; };
		2E6CB1E6141602AC00E0CFFC /* CoreGraphics.framework */ = {isa = PBXFileReference; lastKnownFileType = wrapper.framework; name = CoreGraphics.framework; path = System/Library/Frameworks/CoreGraphics.framework; sourceTree = SDKROOT; };
		2E6CB1E8141602AC00E0CFFC /* AddressBook.framework */ = {isa = PBXFileReference; lastKnownFileType = wrapper.framework; name = AddressBook.framework; path = System/Library/Frameworks/AddressBook.framework; sourceTree = SDKROOT; };
		2E6CB1EA141602AC00E0CFFC /* AddressBookUI.framework */ = {isa = PBXFileReference; lastKnownFileType = wrapper.framework; name = AddressBookUI.framework; path = System/Library/Frameworks/AddressBookUI.framework; sourceTree = SDKROOT; };
		2E6CB1EC141602AC00E0CFFC /* AudioToolbox.framework */ = {isa = PBXFileReference; lastKnownFileType = wrapper.framework; name = AudioToolbox.framework; path = System/Library/Frameworks/AudioToolbox.framework; sourceTree = SDKROOT; };
		2E6CB1EE141602AC00E0CFFC /* AVFoundation.framework */ = {isa = PBXFileReference; lastKnownFileType = wrapper.framework; name = AVFoundation.framework; path = System/Library/Frameworks/AVFoundation.framework; sourceTree = SDKROOT; };
		2E6CB1F0141602AC00E0CFFC /* CoreLocation.framework */ = {isa = PBXFileReference; lastKnownFileType = wrapper.framework; name = CoreLocation.framework; path = System/Library/Frameworks/CoreLocation.framework; sourceTree = SDKROOT; };
		2E6CB1F2141602AC00E0CFFC /* MediaPlayer.framework */ = {isa = PBXFileReference; lastKnownFileType = wrapper.framework; name = MediaPlayer.framework; path = System/Library/Frameworks/MediaPlayer.framework; sourceTree = SDKROOT; };
		2E6CB1F4141602AC00E0CFFC /* QuartzCore.framework */ = {isa = PBXFileReference; lastKnownFileType = wrapper.framework; name = QuartzCore.framework; path = System/Library/Frameworks/QuartzCore.framework; sourceTree = SDKROOT; };
		2E6CB1F6141602AC00E0CFFC /* SystemConfiguration.framework */ = {isa = PBXFileReference; lastKnownFileType = wrapper.framework; name = SystemConfiguration.framework; path = System/Library/Frameworks/SystemConfiguration.framework; sourceTree = SDKROOT; };
		2E6CB1F8141602AC00E0CFFC /* MobileCoreServices.framework */ = {isa = PBXFileReference; lastKnownFileType = wrapper.framework; name = MobileCoreServices.framework; path = System/Library/Frameworks/MobileCoreServices.framework; sourceTree = SDKROOT; };
		2E6CB1FA141602AC00E0CFFC /* CoreMedia.framework */ = {isa = PBXFileReference; lastKnownFileType = wrapper.framework; name = CoreMedia.framework; path = System/Library/Frameworks/CoreMedia.framework; sourceTree = SDKROOT; };
		2E6CB1FE141602AC00E0CFFC /* pluginHockeyApp-Info.plist */ = {isa = PBXFileReference; lastKnownFileType = text.plist.xml; path = "pluginHockeyApp-Info.plist"; sourceTree = "<group>"; };
		2E6CB200141602AC00E0CFFC /* en */ = {isa = PBXFileReference; lastKnownFileType = text.plist.strings; name = en; path = en.lproj/InfoPlist.strings; sourceTree = "<group>"; };
		2E6CB202141602AC00E0CFFC /* main.m */ = {isa = PBXFileReference; lastKnownFileType = sourcecode.c.objc; path = main.m; sourceTree = "<group>"; };
		2E6CB204141602AC00E0CFFC /* pluginHockeyApp-Prefix.pch */ = {isa = PBXFileReference; lastKnownFileType = sourcecode.c.h; path = "pluginHockeyApp-Prefix.pch"; sourceTree = "<group>"; };
		2E6CB205141602AC00E0CFFC /* PhoneGap.framework */ = {isa = PBXFileReference; lastKnownFileType = wrapper.framework; name = PhoneGap.framework; path = /Users/Shared/PhoneGap/Frameworks/PhoneGap.framework; sourceTree = "<absolute>"; };
		2E6CB20A141602AC00E0CFFC /* en */ = {isa = PBXFileReference; lastKnownFileType = text.plist.strings; name = en; path = Resources/en.lproj/Localizable.strings; sourceTree = "<group>"; };
		2E6CB20E141602AD00E0CFFC /* es */ = {isa = PBXFileReference; lastKnownFileType = text.plist.strings; name = es; path = Resources/es.lproj/Localizable.strings; sourceTree = "<group>"; };
		2E6CB211141602AD00E0CFFC /* icon.png */ = {isa = PBXFileReference; lastKnownFileType = image.png; name = icon.png; path = Resources/icons/icon.png; sourceTree = "<group>"; };
		2E6CB213141602AD00E0CFFC /* icon@2x.png */ = {isa = PBXFileReference; lastKnownFileType = image.png; name = "icon@2x.png"; path = "Resources/icons/icon@2x.png"; sourceTree = "<group>"; };
		2E6CB215141602AD00E0CFFC /* icon-72.png */ = {isa = PBXFileReference; lastKnownFileType = image.png; name = "icon-72.png"; path = "Resources/icons/icon-72.png"; sourceTree = "<group>"; };
		2E6CB218141602AD00E0CFFC /* Default.png */ = {isa = PBXFileReference; lastKnownFileType = image.png; name = Default.png; path = Resources/splash/Default.png; sourceTree = "<group>"; };
		2E6CB21A141602AD00E0CFFC /* Default@2x.png */ = {isa = PBXFileReference; lastKnownFileType = image.png; name = "Default@2x.png"; path = "Resources/splash/Default@2x.png"; sourceTree = "<group>"; };
		2E6CB21C141602AD00E0CFFC /* Capture.bundle */ = {isa = PBXFileReference; lastKnownFileType = "wrapper.plug-in"; name = Capture.bundle; path = Resources/Capture.bundle; sourceTree = "<group>"; };
		2E6CB21E141602AE00E0CFFC /* PhoneGap.plist */ = {isa = PBXFileReference; lastKnownFileType = text.plist.xml; path = PhoneGap.plist; sourceTree = "<group>"; };
		2E6CB221141602AE00E0CFFC /* AppDelegate.h */ = {isa = PBXFileReference; lastKnownFileType = sourcecode.c.h; name = AppDelegate.h; path = Classes/AppDelegate.h; sourceTree = "<group>"; };
		2E6CB222141602AE00E0CFFC /* AppDelegate.m */ = {isa = PBXFileReference; lastKnownFileType = sourcecode.c.objc; name = AppDelegate.m; path = Classes/AppDelegate.m; sourceTree = "<group>"; };
		2E6CB225141602AE00E0CFFC /* README */ = {isa = PBXFileReference; lastKnownFileType = text; name = README; path = Plugins/README; sourceTree = "<group>"; };
		2E6CB236141603CA00E0CFFC /* BWApp.h */ = {isa = PBXFileReference; fileEncoding = 4; lastKnownFileType = sourcecode.c.h; path = BWApp.h; sourceTree = "<group>"; };
		2E6CB237141603CA00E0CFFC /* BWApp.m */ = {isa = PBXFileReference; fileEncoding = 4; lastKnownFileType = sourcecode.c.objc; path = BWApp.m; sourceTree = "<group>"; };
		2E6CB238141603CA00E0CFFC /* BWGlobal.h */ = {isa = PBXFileReference; fileEncoding = 4; lastKnownFileType = sourcecode.c.h; path = BWGlobal.h; sourceTree = "<group>"; };
		2E6CB239141603CA00E0CFFC /* BWGlobal.m */ = {isa = PBXFileReference; fileEncoding = 4; lastKnownFileType = sourcecode.c.objc; path = BWGlobal.m; sourceTree = "<group>"; };
		2E6CB23A141603CA00E0CFFC /* BWHockeyManager.h */ = {isa = PBXFileReference; fileEncoding = 4; lastKnownFileType = sourcecode.c.h; path = BWHockeyManager.h; sourceTree = "<group>"; };
		2E6CB23B141603CA00E0CFFC /* BWHockeyManager.m */ = {isa = PBXFileReference; fileEncoding = 4; lastKnownFileType = sourcecode.c.objc; path = BWHockeyManager.m; sourceTree = "<group>"; };
		2E6CB23C141603CA00E0CFFC /* BWHockeySettingsViewController.h */ = {isa = PBXFileReference; fileEncoding = 4; lastKnownFileType = sourcecode.c.h; path = BWHockeySettingsViewController.h; sourceTree = "<group>"; };
		2E6CB23D141603CA00E0CFFC /* BWHockeySettingsViewController.m */ = {isa = PBXFileReference; fileEncoding = 4; lastKnownFileType = sourcecode.c.objc; path = BWHockeySettingsViewController.m; sourceTree = "<group>"; };
		2E6CB23E141603CA00E0CFFC /* BWHockeyViewController.h */ = {isa = PBXFileReference; fileEncoding = 4; lastKnownFileType = sourcecode.c.h; path = BWHockeyViewController.h; sourceTree = "<group>"; };
		2E6CB23F141603CA00E0CFFC /* BWHockeyViewController.m */ = {isa = PBXFileReference; fileEncoding = 4; lastKnownFileType = sourcecode.c.objc; path = BWHockeyViewController.m; sourceTree = "<group>"; };
		2E6CB241141603CA00E0CFFC /* NSString+HockeyAdditions.h */ = {isa = PBXFileReference; fileEncoding = 4; lastKnownFileType = sourcecode.c.h; path = "NSString+HockeyAdditions.h"; sourceTree = "<group>"; };
		2E6CB242141603CA00E0CFFC /* NSString+HockeyAdditions.m */ = {isa = PBXFileReference; fileEncoding = 4; lastKnownFileType = sourcecode.c.objc; path = "NSString+HockeyAdditions.m"; sourceTree = "<group>"; };
		2E6CB243141603CA00E0CFFC /* PSAppStoreHeader.h */ = {isa = PBXFileReference; fileEncoding = 4; lastKnownFileType = sourcecode.c.h; path = PSAppStoreHeader.h; sourceTree = "<group>"; };
		2E6CB244141603CA00E0CFFC /* PSAppStoreHeader.m */ = {isa = PBXFileReference; fileEncoding = 4; lastKnownFileType = sourcecode.c.objc; path = PSAppStoreHeader.m; sourceTree = "<group>"; };
		2E6CB245141603CA00E0CFFC /* PSStoreButton.h */ = {isa = PBXFileReference; fileEncoding = 4; lastKnownFileType = sourcecode.c.h; path = PSStoreButton.h; sourceTree = "<group>"; };
		2E6CB246141603CA00E0CFFC /* PSStoreButton.m */ = {isa = PBXFileReference; fileEncoding = 4; lastKnownFileType = sourcecode.c.objc; path = PSStoreButton.m; sourceTree = "<group>"; };
		2E6CB247141603CA00E0CFFC /* PSWebTableViewCell.h */ = {isa = PBXFileReference; fileEncoding = 4; lastKnownFileType = sourcecode.c.h; path = PSWebTableViewCell.h; sourceTree = "<group>"; };
		2E6CB248141603CA00E0CFFC /* PSWebTableViewCell.m */ = {isa = PBXFileReference; fileEncoding = 4; lastKnownFileType = sourcecode.c.objc; path = PSWebTableViewCell.m; sourceTree = "<group>"; };
		2E6CB249141603CA00E0CFFC /* UIImage+HockeyAdditions.h */ = {isa = PBXFileReference; fileEncoding = 4; lastKnownFileType = sourcecode.c.h; path = "UIImage+HockeyAdditions.h"; sourceTree = "<group>"; };
		2E6CB24A141603CA00E0CFFC /* UIImage+HockeyAdditions.m */ = {isa = PBXFileReference; fileEncoding = 4; lastKnownFileType = sourcecode.c.objc; path = "UIImage+HockeyAdditions.m"; sourceTree = "<group>"; };
		2E6CB24B141603CA00E0CFFC /* Hockey.bundle */ = {isa = PBXFileReference; lastKnownFileType = "wrapper.plug-in"; path = Hockey.bundle; sourceTree = "<group>"; };
		2E6CB24D141603CA00E0CFFC /* JSONKit.h */ = {isa = PBXFileReference; fileEncoding = 4; lastKnownFileType = sourcecode.c.h; path = JSONKit.h; sourceTree = "<group>"; };
		2E6CB24E141603CA00E0CFFC /* JSONKit.m */ = {isa = PBXFileReference; fileEncoding = 4; lastKnownFileType = sourcecode.c.objc; path = JSONKit.m; sourceTree = "<group>"; };
		2E6CB24F141603CA00E0CFFC /* README.md */ = {isa = PBXFileReference; fileEncoding = 4; lastKnownFileType = text; path = README.md; sourceTree = "<group>"; };
		2E6CB250141603CA00E0CFFC /* LICENSE.txt */ = {isa = PBXFileReference; fileEncoding = 4; lastKnownFileType = text; path = LICENSE.txt; sourceTree = "<group>"; };
		2E6CB252141603CA00E0CFFC /* BWQuincyManager.h */ = {isa = PBXFileReference; fileEncoding = 4; lastKnownFileType = sourcecode.c.h; path = BWQuincyManager.h; sourceTree = "<group>"; };
		2E6CB253141603CA00E0CFFC /* BWQuincyManager.m */ = {isa = PBXFileReference; fileEncoding = 4; lastKnownFileType = sourcecode.c.objc; path = BWQuincyManager.m; sourceTree = "<group>"; };
		2E6CB254141603CA00E0CFFC /* CrashReporter.framework */ = {isa = PBXFileReference; lastKnownFileType = wrapper.framework; path = CrashReporter.framework; sourceTree = "<group>"; };
		2E6CB255141603CA00E0CFFC /* LICENSE.txt */ = {isa = PBXFileReference; fileEncoding = 4; lastKnownFileType = text; path = LICENSE.txt; sourceTree = "<group>"; };
		2E6CB256141603CA00E0CFFC /* Quincy.bundle */ = {isa = PBXFileReference; lastKnownFileType = "wrapper.plug-in"; path = Quincy.bundle; sourceTree = "<group>"; };
		2E6CB269141604E000E0CFFC /* www */ = {isa = PBXFileReference; lastKnownFileType = folder; path = www; sourceTree = "<group>"; };
		2E6CB26B1416054500E0CFFC /* HockeyApp.h */ = {isa = PBXFileReference; fileEncoding = 4; lastKnownFileType = sourcecode.c.h; path = HockeyApp.h; sourceTree = "<group>"; };
		2E6CB26C1416054500E0CFFC /* HockeyApp.m */ = {isa = PBXFileReference; fileEncoding = 4; lastKnownFileType = sourcecode.c.objc; path = HockeyApp.m; sourceTree = "<group>"; };
/* End PBXFileReference section */

/* Begin PBXFrameworksBuildPhase section */
		2E6CB1D8141602AB00E0CFFC /* Frameworks */ = {
			isa = PBXFrameworksBuildPhase;
			buildActionMask = 2147483647;
			files = (
				2E6CB1E3141602AC00E0CFFC /* Foundation.framework in Frameworks */,
				2E6CB1E5141602AC00E0CFFC /* UIKit.framework in Frameworks */,
				2E6CB1E7141602AC00E0CFFC /* CoreGraphics.framework in Frameworks */,
				2E6CB1E9141602AC00E0CFFC /* AddressBook.framework in Frameworks */,
				2E6CB1EB141602AC00E0CFFC /* AddressBookUI.framework in Frameworks */,
				2E6CB1ED141602AC00E0CFFC /* AudioToolbox.framework in Frameworks */,
				2E6CB1EF141602AC00E0CFFC /* AVFoundation.framework in Frameworks */,
				2E6CB1F1141602AC00E0CFFC /* CoreLocation.framework in Frameworks */,
				2E6CB1F3141602AC00E0CFFC /* MediaPlayer.framework in Frameworks */,
				2E6CB1F5141602AC00E0CFFC /* QuartzCore.framework in Frameworks */,
				2E6CB1F7141602AC00E0CFFC /* SystemConfiguration.framework in Frameworks */,
				2E6CB1F9141602AC00E0CFFC /* MobileCoreServices.framework in Frameworks */,
				2E6CB1FB141602AC00E0CFFC /* CoreMedia.framework in Frameworks */,
				2E6CB206141602AC00E0CFFC /* PhoneGap.framework in Frameworks */,
				2E6CB266141603CB00E0CFFC /* CrashReporter.framework in Frameworks */,
			);
			runOnlyForDeploymentPostprocessing = 0;
		};
		2E6CB1DB141602AB00E0CFFC /* Frameworks */ = {
			isa = PBXFrameworksBuildPhase;
			buildActionMask = 2147483647;
			files = (
			);
			runOnlyForDeploymentPostprocessing = 0;
		};
/* End PBXFrameworksBuildPhase section */

/* Begin PBXGroup section */
		2E6CB1D0141602AB00E0CFFC = {
			isa = PBXGroup;
			children = (
				2E6CB269141604E000E0CFFC /* www */,
				2E6CB1FC141602AC00E0CFFC /* pluginHockeyApp */,
				2E6CB234141603CA00E0CFFC /* HockeyAppKit */,
				2E6CB1E1141602AC00E0CFFC /* Frameworks */,
				2E6CB1DF141602AC00E0CFFC /* Products */,
			);
			sourceTree = "<group>";
		};
		2E6CB1DF141602AC00E0CFFC /* Products */ = {
			isa = PBXGroup;
			children = (
				2E6CB1DE141602AC00E0CFFC /* pluginHockeyApp.app */,
			);
			name = Products;
			sourceTree = "<group>";
		};
		2E6CB1E1141602AC00E0CFFC /* Frameworks */ = {
			isa = PBXGroup;
			children = (
				2E6CB1E2141602AC00E0CFFC /* Foundation.framework */,
				2E6CB1E4141602AC00E0CFFC /* UIKit.framework */,
				2E6CB1E6141602AC00E0CFFC /* CoreGraphics.framework */,
				2E6CB1E8141602AC00E0CFFC /* AddressBook.framework */,
				2E6CB1EA141602AC00E0CFFC /* AddressBookUI.framework */,
				2E6CB1EC141602AC00E0CFFC /* AudioToolbox.framework */,
				2E6CB1EE141602AC00E0CFFC /* AVFoundation.framework */,
				2E6CB1F0141602AC00E0CFFC /* CoreLocation.framework */,
				2E6CB1F2141602AC00E0CFFC /* MediaPlayer.framework */,
				2E6CB1F4141602AC00E0CFFC /* QuartzCore.framework */,
				2E6CB1F6141602AC00E0CFFC /* SystemConfiguration.framework */,
				2E6CB1F8141602AC00E0CFFC /* MobileCoreServices.framework */,
				2E6CB1FA141602AC00E0CFFC /* CoreMedia.framework */,
			);
			name = Frameworks;
			sourceTree = "<group>";
		};
		2E6CB1FC141602AC00E0CFFC /* pluginHockeyApp */ = {
			isa = PBXGroup;
			children = (
				2E6CB205141602AC00E0CFFC /* PhoneGap.framework */,
				2E6CB207141602AC00E0CFFC /* Resources */,
				2E6CB220141602AE00E0CFFC /* Classes */,
				2E6CB224141602AE00E0CFFC /* Plugins */,
				2E6CB1FD141602AC00E0CFFC /* Supporting Files */,
			);
			path = pluginHockeyApp;
			sourceTree = "<group>";
		};
		2E6CB1FD141602AC00E0CFFC /* Supporting Files */ = {
			isa = PBXGroup;
			children = (
				2E6CB1FE141602AC00E0CFFC /* pluginHockeyApp-Info.plist */,
				2E6CB1FF141602AC00E0CFFC /* InfoPlist.strings */,
				2E6CB202141602AC00E0CFFC /* main.m */,
				2E6CB204141602AC00E0CFFC /* pluginHockeyApp-Prefix.pch */,
				2E6CB21E141602AE00E0CFFC /* PhoneGap.plist */,
			);
			name = "Supporting Files";
			sourceTree = "<group>";
		};
		2E6CB207141602AC00E0CFFC /* Resources */ = {
			isa = PBXGroup;
			children = (
				2E6CB21C141602AD00E0CFFC /* Capture.bundle */,
				2E6CB208141602AC00E0CFFC /* en.lproj */,
				2E6CB20C141602AD00E0CFFC /* es.lproj */,
				2E6CB210141602AD00E0CFFC /* icons */,
				2E6CB217141602AD00E0CFFC /* splash */,
			);
			name = Resources;
			sourceTree = "<group>";
		};
		2E6CB208141602AC00E0CFFC /* en.lproj */ = {
			isa = PBXGroup;
			children = (
				2E6CB209141602AC00E0CFFC /* Localizable.strings */,
			);
			name = en.lproj;
			sourceTree = "<group>";
		};
		2E6CB20C141602AD00E0CFFC /* es.lproj */ = {
			isa = PBXGroup;
			children = (
				2E6CB20D141602AD00E0CFFC /* Localizable.strings */,
			);
			name = es.lproj;
			sourceTree = "<group>";
		};
		2E6CB210141602AD00E0CFFC /* icons */ = {
			isa = PBXGroup;
			children = (
				2E6CB211141602AD00E0CFFC /* icon.png */,
				2E6CB213141602AD00E0CFFC /* icon@2x.png */,
				2E6CB215141602AD00E0CFFC /* icon-72.png */,
			);
			name = icons;
			sourceTree = "<group>";
		};
		2E6CB217141602AD00E0CFFC /* splash */ = {
			isa = PBXGroup;
			children = (
				2E6CB218141602AD00E0CFFC /* Default.png */,
				2E6CB21A141602AD00E0CFFC /* Default@2x.png */,
			);
			name = splash;
			sourceTree = "<group>";
		};
		2E6CB220141602AE00E0CFFC /* Classes */ = {
			isa = PBXGroup;
			children = (
				2E6CB221141602AE00E0CFFC /* AppDelegate.h */,
				2E6CB222141602AE00E0CFFC /* AppDelegate.m */,
			);
			name = Classes;
			sourceTree = "<group>";
		};
		2E6CB224141602AE00E0CFFC /* Plugins */ = {
			isa = PBXGroup;
			children = (
				2E6CB26B1416054500E0CFFC /* HockeyApp.h */,
				2E6CB26C1416054500E0CFFC /* HockeyApp.m */,
				2E6CB225141602AE00E0CFFC /* README */,
			);
			name = Plugins;
			sourceTree = "<group>";
		};
		2E6CB234141603CA00E0CFFC /* HockeyAppKit */ = {
			isa = PBXGroup;
			children = (
				2E6CB235141603CA00E0CFFC /* HockeyKit */,
				2E6CB251141603CA00E0CFFC /* QuincyKit */,
			);
			path = HockeyAppKit;
			sourceTree = "<group>";
		};
		2E6CB235141603CA00E0CFFC /* HockeyKit */ = {
			isa = PBXGroup;
			children = (
				2E6CB236141603CA00E0CFFC /* BWApp.h */,
				2E6CB237141603CA00E0CFFC /* BWApp.m */,
				2E6CB238141603CA00E0CFFC /* BWGlobal.h */,
				2E6CB239141603CA00E0CFFC /* BWGlobal.m */,
				2E6CB23A141603CA00E0CFFC /* BWHockeyManager.h */,
				2E6CB23B141603CA00E0CFFC /* BWHockeyManager.m */,
				2E6CB23C141603CA00E0CFFC /* BWHockeySettingsViewController.h */,
				2E6CB23D141603CA00E0CFFC /* BWHockeySettingsViewController.m */,
				2E6CB23E141603CA00E0CFFC /* BWHockeyViewController.h */,
				2E6CB23F141603CA00E0CFFC /* BWHockeyViewController.m */,
				2E6CB240141603CA00E0CFFC /* Helper */,
				2E6CB24B141603CA00E0CFFC /* Hockey.bundle */,
				2E6CB24C141603CA00E0CFFC /* JSON */,
				2E6CB250141603CA00E0CFFC /* LICENSE.txt */,
			);
			path = HockeyKit;
			sourceTree = "<group>";
		};
		2E6CB240141603CA00E0CFFC /* Helper */ = {
			isa = PBXGroup;
			children = (
				2E6CB241141603CA00E0CFFC /* NSString+HockeyAdditions.h */,
				2E6CB242141603CA00E0CFFC /* NSString+HockeyAdditions.m */,
				2E6CB243141603CA00E0CFFC /* PSAppStoreHeader.h */,
				2E6CB244141603CA00E0CFFC /* PSAppStoreHeader.m */,
				2E6CB245141603CA00E0CFFC /* PSStoreButton.h */,
				2E6CB246141603CA00E0CFFC /* PSStoreButton.m */,
				2E6CB247141603CA00E0CFFC /* PSWebTableViewCell.h */,
				2E6CB248141603CA00E0CFFC /* PSWebTableViewCell.m */,
				2E6CB249141603CA00E0CFFC /* UIImage+HockeyAdditions.h */,
				2E6CB24A141603CA00E0CFFC /* UIImage+HockeyAdditions.m */,
			);
			path = Helper;
			sourceTree = "<group>";
		};
		2E6CB24C141603CA00E0CFFC /* JSON */ = {
			isa = PBXGroup;
			children = (
				2E6CB24D141603CA00E0CFFC /* JSONKit.h */,
				2E6CB24E141603CA00E0CFFC /* JSONKit.m */,
				2E6CB24F141603CA00E0CFFC /* README.md */,
			);
			path = JSON;
			sourceTree = "<group>";
		};
		2E6CB251141603CA00E0CFFC /* QuincyKit */ = {
			isa = PBXGroup;
			children = (
				2E6CB252141603CA00E0CFFC /* BWQuincyManager.h */,
				2E6CB253141603CA00E0CFFC /* BWQuincyManager.m */,
				2E6CB254141603CA00E0CFFC /* CrashReporter.framework */,
				2E6CB255141603CA00E0CFFC /* LICENSE.txt */,
				2E6CB256141603CA00E0CFFC /* Quincy.bundle */,
			);
			path = QuincyKit;
			sourceTree = "<group>";
		};
/* End PBXGroup section */

/* Begin PBXNativeTarget section */
		2E6CB1DD141602AB00E0CFFC /* pluginHockeyApp */ = {
			isa = PBXNativeTarget;
			buildConfigurationList = 2E6CB228141602AE00E0CFFC /* Build configuration list for PBXNativeTarget "pluginHockeyApp" */;
			buildPhases = (
				2E6CB1D7141602AB00E0CFFC /* Sources */,
				2E6CB1D8141602AB00E0CFFC /* Frameworks */,
				2E6CB1D9141602AB00E0CFFC /* Resources */,
				2E6CB1DA141602AB00E0CFFC /* Sources */,
				2E6CB1DB141602AB00E0CFFC /* Frameworks */,
				2E6CB1DC141602AB00E0CFFC /* ShellScript */,
			);
			buildRules = (
			);
			dependencies = (
			);
			name = pluginHockeyApp;
			productName = pluginHockeyApp;
			productReference = 2E6CB1DE141602AC00E0CFFC /* pluginHockeyApp.app */;
			productType = "com.apple.product-type.application";
		};
/* End PBXNativeTarget section */

/* Begin PBXProject section */
		2E6CB1D2141602AB00E0CFFC /* Project object */ = {
			isa = PBXProject;
			attributes = {
				LastUpgradeCheck = 0420;
			};
			buildConfigurationList = 2E6CB1D5141602AB00E0CFFC /* Build configuration list for PBXProject "pluginHockeyApp" */;
			compatibilityVersion = "Xcode 3.2";
			developmentRegion = English;
			hasScannedForEncodings = 0;
			knownRegions = (
				en,
				es,
			);
			mainGroup = 2E6CB1D0141602AB00E0CFFC;
			productRefGroup = 2E6CB1DF141602AC00E0CFFC /* Products */;
			projectDirPath = "";
			projectRoot = "";
			targets = (
				2E6CB1DD141602AB00E0CFFC /* pluginHockeyApp */,
			);
		};
/* End PBXProject section */

/* Begin PBXResourcesBuildPhase section */
		2E6CB1D9141602AB00E0CFFC /* Resources */ = {
			isa = PBXResourcesBuildPhase;
			buildActionMask = 2147483647;
			files = (
				2E6CB201141602AC00E0CFFC /* InfoPlist.strings in Resources */,
				2E6CB20B141602AC00E0CFFC /* Localizable.strings in Resources */,
				2E6CB20F141602AD00E0CFFC /* Localizable.strings in Resources */,
				2E6CB212141602AD00E0CFFC /* icon.png in Resources */,
				2E6CB214141602AD00E0CFFC /* icon@2x.png in Resources */,
				2E6CB216141602AD00E0CFFC /* icon-72.png in Resources */,
				2E6CB219141602AD00E0CFFC /* Default.png in Resources */,
				2E6CB21B141602AD00E0CFFC /* Default@2x.png in Resources */,
				2E6CB21D141602AD00E0CFFC /* Capture.bundle in Resources */,
				2E6CB21F141602AE00E0CFFC /* PhoneGap.plist in Resources */,
				2E6CB261141603CB00E0CFFC /* Hockey.bundle in Resources */,
				2E6CB263141603CB00E0CFFC /* README.md in Resources */,
				2E6CB264141603CB00E0CFFC /* LICENSE.txt in Resources */,
				2E6CB267141603CB00E0CFFC /* LICENSE.txt in Resources */,
				2E6CB268141603CB00E0CFFC /* Quincy.bundle in Resources */,
				2E6CB26A141604E000E0CFFC /* www in Resources */,
			);
			runOnlyForDeploymentPostprocessing = 0;
		};
/* End PBXResourcesBuildPhase section */

/* Begin PBXShellScriptBuildPhase section */
		2E6CB1DC141602AB00E0CFFC /* ShellScript */ = {
			isa = PBXShellScriptBuildPhase;
			buildActionMask = 2147483647;
			files = (
			);
			inputPaths = (
			);
			outputPaths = (
			);
			runOnlyForDeploymentPostprocessing = 0;
			shellPath = /bin/bash;
			shellScript = "\n\t\t\t\t\t\t\t\tif [ ! -d \"$PROJECT_DIR/www\" ] ; then\n\t\t\t\t\t\t\t\t\tcp -R /Users/Shared/PhoneGap/Frameworks/PhoneGap.framework/www \"$PROJECT_DIR\"\n\t\t\t\t\t\t\t\tfi\n\t\t\t\t\t\t\t\t# detect www folder reference in project, if missing, print warning\n\t\t\t\t\t\t\t\tgrep \"{isa = PBXFileReference; lastKnownFileType = folder; path = www; sourceTree = \\\"<group>\\\"; };\" \"$PROJECT_DIR/$PROJECT_NAME.xcodeproj/project.pbxproj\"\n\t\t\t\t\t\t\t\trc=$? \n\t\t\t\t\t\t\t\tif [ $rc != 0 ] ; then\n\t\t\t\t\t\t\t\techo -e \"warning: Missing - Add $PROJECT_DIR/www as a folder reference in your project. Just drag and drop the folder into your project, in Xcode 4.\" 1>&2\n\t\t\t\t\t\t\t\tfi\t\t\t\t\t\t\t";
		};
/* End PBXShellScriptBuildPhase section */

/* Begin PBXSourcesBuildPhase section */
		2E6CB1D7141602AB00E0CFFC /* Sources */ = {
			isa = PBXSourcesBuildPhase;
			buildActionMask = 2147483647;
			files = (
				2E6CB203141602AC00E0CFFC /* main.m in Sources */,
				2E6CB223141602AE00E0CFFC /* AppDelegate.m in Sources */,
				2E6CB257141603CB00E0CFFC /* BWApp.m in Sources */,
				2E6CB258141603CB00E0CFFC /* BWGlobal.m in Sources */,
				2E6CB259141603CB00E0CFFC /* BWHockeyManager.m in Sources */,
				2E6CB25A141603CB00E0CFFC /* BWHockeySettingsViewController.m in Sources */,
				2E6CB25B141603CB00E0CFFC /* BWHockeyViewController.m in Sources */,
				2E6CB25C141603CB00E0CFFC /* NSString+HockeyAdditions.m in Sources */,
				2E6CB25D141603CB00E0CFFC /* PSAppStoreHeader.m in Sources */,
				2E6CB25E141603CB00E0CFFC /* PSStoreButton.m in Sources */,
				2E6CB25F141603CB00E0CFFC /* PSWebTableViewCell.m in Sources */,
				2E6CB260141603CB00E0CFFC /* UIImage+HockeyAdditions.m in Sources */,
				2E6CB262141603CB00E0CFFC /* JSONKit.m in Sources */,
				2E6CB265141603CB00E0CFFC /* BWQuincyManager.m in Sources */,
				2E6CB26D1416054500E0CFFC /* HockeyApp.m in Sources */,
			);
			runOnlyForDeploymentPostprocessing = 0;
		};
		2E6CB1DA141602AB00E0CFFC /* Sources */ = {
			isa = PBXSourcesBuildPhase;
			buildActionMask = 2147483647;
			files = (
			);
			runOnlyForDeploymentPostprocessing = 0;
		};
/* End PBXSourcesBuildPhase section */

/* Begin PBXVariantGroup section */
		2E6CB1FF141602AC00E0CFFC /* InfoPlist.strings */ = {
			isa = PBXVariantGroup;
			children = (
				2E6CB200141602AC00E0CFFC /* en */,
			);
			name = InfoPlist.strings;
			sourceTree = "<group>";
		};
		2E6CB209141602AC00E0CFFC /* Localizable.strings */ = {
			isa = PBXVariantGroup;
			children = (
				2E6CB20A141602AC00E0CFFC /* en */,
			);
			name = Localizable.strings;
			sourceTree = "<group>";
		};
		2E6CB20D141602AD00E0CFFC /* Localizable.strings */ = {
			isa = PBXVariantGroup;
			children = (
				2E6CB20E141602AD00E0CFFC /* es */,
			);
			name = Localizable.strings;
			sourceTree = "<group>";
		};
/* End PBXVariantGroup section */

/* Begin XCBuildConfiguration section */
		2E6CB226141602AE00E0CFFC /* Debug */ = {
			isa = XCBuildConfiguration;
			buildSettings = {
				ALWAYS_SEARCH_USER_PATHS = NO;
				ARCHS = "$(ARCHS_STANDARD_32_BIT)";
				CLANG_ENABLE_OBJC_ARC = YES;
				"CODE_SIGN_IDENTITY[sdk=iphoneos*]" = "iPhone Developer";
				COPY_PHASE_STRIP = NO;
				GCC_C_LANGUAGE_STANDARD = gnu99;
				GCC_DYNAMIC_NO_PIC = NO;
				GCC_OPTIMIZATION_LEVEL = 0;
				GCC_PREPROCESSOR_DEFINITIONS = (
					"DEBUG=1",
					"$(inherited)",
				);
				GCC_SYMBOLS_PRIVATE_EXTERN = NO;
				GCC_VERSION = com.apple.compilers.llvmgcc42;
				GCC_WARN_ABOUT_MISSING_PROTOTYPES = YES;
				GCC_WARN_ABOUT_RETURN_TYPE = YES;
				GCC_WARN_UNUSED_VARIABLE = YES;
				IPHONEOS_DEPLOYMENT_TARGET = 3.1;
				SDKROOT = iphoneos;
			};
			name = Debug;
		};
		2E6CB227141602AE00E0CFFC /* Release */ = {
			isa = XCBuildConfiguration;
			buildSettings = {
				ALWAYS_SEARCH_USER_PATHS = NO;
				ARCHS = "$(ARCHS_STANDARD_32_BIT)";
				CLANG_ENABLE_OBJC_ARC = YES;
				"CODE_SIGN_IDENTITY[sdk=iphoneos*]" = "iPhone Developer";
				COPY_PHASE_STRIP = YES;
				GCC_C_LANGUAGE_STANDARD = gnu99;
				GCC_VERSION = com.apple.compilers.llvmgcc42;
				GCC_WARN_ABOUT_MISSING_PROTOTYPES = YES;
				GCC_WARN_ABOUT_RETURN_TYPE = YES;
				GCC_WARN_UNUSED_VARIABLE = YES;
				IPHONEOS_DEPLOYMENT_TARGET = 3.1;
				SDKROOT = iphoneos;
				VALIDATE_PRODUCT = YES;
			};
			name = Release;
		};
		2E6CB229141602AE00E0CFFC /* Debug */ = {
			isa = XCBuildConfiguration;
			buildSettings = {
				ALWAYS_SEARCH_USER_PATHS = YES;
				COPY_PHASE_STRIP = NO;
				FRAMEWORK_SEARCH_PATHS = (
					/Users/Shared/PhoneGap/Frameworks,
					"\"$(SRCROOT)/HockeyAppKit/QuincyKit\"",
				);
				GCC_DYNAMIC_NO_PIC = NO;
				GCC_PRECOMPILE_PREFIX_HEADER = YES;
				GCC_PREFIX_HEADER = "pluginHockeyApp/pluginHockeyApp-Prefix.pch";
				GCC_PREPROCESSOR_DEFINITIONS = "PHONEGAP_FRAMEWORK=YES";
				INFOPLIST_FILE = "pluginHockeyApp/pluginHockeyApp-Info.plist";
				IPHONEOS_DEPLOYMENT_TARGET = 4.0;
				PRODUCT_NAME = "$(TARGET_NAME)";
				WRAPPER_EXTENSION = app;
			};
			name = Debug;
		};
		2E6CB22A141602AE00E0CFFC /* Release */ = {
			isa = XCBuildConfiguration;
			buildSettings = {
				ALWAYS_SEARCH_USER_PATHS = YES;
				COPY_PHASE_STRIP = YES;
				DEBUG_INFORMATION_FORMAT = "dwarf-with-dsym";
				FRAMEWORK_SEARCH_PATHS = (
					/Users/Shared/PhoneGap/Frameworks,
					"\"$(SRCROOT)/HockeyAppKit/QuincyKit\"",
				);
				GCC_PRECOMPILE_PREFIX_HEADER = YES;
				GCC_PREFIX_HEADER = "pluginHockeyApp/pluginHockeyApp-Prefix.pch";
				GCC_PREPROCESSOR_DEFINITIONS = "PHONEGAP_FRAMEWORK=YES";
				INFOPLIST_FILE = "pluginHockeyApp/pluginHockeyApp-Info.plist";
				IPHONEOS_DEPLOYMENT_TARGET = 4.0;
				PRODUCT_NAME = "$(TARGET_NAME)";
				VALIDATE_PRODUCT = YES;
				WRAPPER_EXTENSION = app;
			};
			name = Release;
		};
/* End XCBuildConfiguration section */

/* Begin XCConfigurationList section */
		2E6CB1D5141602AB00E0CFFC /* Build configuration list for PBXProject "pluginHockeyApp" */ = {
			isa = XCConfigurationList;
			buildConfigurations = (
				2E6CB226141602AE00E0CFFC /* Debug */,
				2E6CB227141602AE00E0CFFC /* Release */,
			);
			defaultConfigurationIsVisible = 0;
			defaultConfigurationName = Release;
		};
		2E6CB228141602AE00E0CFFC /* Build configuration list for PBXNativeTarget "pluginHockeyApp" */ = {
			isa = XCConfigurationList;
			buildConfigurations = (
				2E6CB229141602AE00E0CFFC /* Debug */,
				2E6CB22A141602AE00E0CFFC /* Release */,
			);
			defaultConfigurationIsVisible = 0;
		};
/* End XCConfigurationList section */
	};
	rootObject = 2E6CB1D2141602AB00E0CFFC /* Project object */;
}
