// !$*UTF8*$!
{
	archiveVersion = 1;
	classes = {
	};
	objectVersion = 46;
	objects = {

/* Begin PBXBuildFile section */
		3A640A03153BA96900BE001B /* Foundation.framework in Frameworks */ = {isa = PBXBuildFile; fileRef = 3A640A02153BA96900BE001B /* Foundation.framework */; };
		3A640A05153BA96900BE001B /* UIKit.framework in Frameworks */ = {isa = PBXBuildFile; fileRef = 3A640A04153BA96900BE001B /* UIKit.framework */; };
		3A640A07153BA96900BE001B /* CoreGraphics.framework in Frameworks */ = {isa = PBXBuildFile; fileRef = 3A640A06153BA96900BE001B /* CoreGraphics.framework */; };
		3A640A09153BA96900BE001B /* AddressBook.framework in Frameworks */ = {isa = PBXBuildFile; fileRef = 3A640A08153BA96900BE001B /* AddressBook.framework */; };
		3A640A0B153BA96900BE001B /* AddressBookUI.framework in Frameworks */ = {isa = PBXBuildFile; fileRef = 3A640A0A153BA96900BE001B /* AddressBookUI.framework */; };
		3A640A0D153BA96900BE001B /* AudioToolbox.framework in Frameworks */ = {isa = PBXBuildFile; fileRef = 3A640A0C153BA96900BE001B /* AudioToolbox.framework */; };
		3A640A0F153BA96900BE001B /* AVFoundation.framework in Frameworks */ = {isa = PBXBuildFile; fileRef = 3A640A0E153BA96900BE001B /* AVFoundation.framework */; };
		3A640A11153BA96900BE001B /* CoreLocation.framework in Frameworks */ = {isa = PBXBuildFile; fileRef = 3A640A10153BA96900BE001B /* CoreLocation.framework */; };
		3A640A13153BA96900BE001B /* MediaPlayer.framework in Frameworks */ = {isa = PBXBuildFile; fileRef = 3A640A12153BA96900BE001B /* MediaPlayer.framework */; };
		3A640A15153BA96900BE001B /* QuartzCore.framework in Frameworks */ = {isa = PBXBuildFile; fileRef = 3A640A14153BA96900BE001B /* QuartzCore.framework */; };
		3A640A17153BA96900BE001B /* SystemConfiguration.framework in Frameworks */ = {isa = PBXBuildFile; fileRef = 3A640A16153BA96900BE001B /* SystemConfiguration.framework */; };
		3A640A19153BA96900BE001B /* MobileCoreServices.framework in Frameworks */ = {isa = PBXBuildFile; fileRef = 3A640A18153BA96900BE001B /* MobileCoreServices.framework */; };
		3A640A1B153BA96900BE001B /* CoreMedia.framework in Frameworks */ = {isa = PBXBuildFile; fileRef = 3A640A1A153BA96900BE001B /* CoreMedia.framework */; };
		3A640A21153BA96900BE001B /* InfoPlist.strings in Resources */ = {isa = PBXBuildFile; fileRef = 3A640A1F153BA96900BE001B /* InfoPlist.strings */; };
		3A640A23153BA96900BE001B /* main.m in Sources */ = {isa = PBXBuildFile; fileRef = 3A640A22153BA96900BE001B /* main.m */; };
		3A640A26153BA96900BE001B /* Cordova.framework in Frameworks */ = {isa = PBXBuildFile; fileRef = 3A640A25153BA96900BE001B /* Cordova.framework */; };
		3A640A2B153BA96900BE001B /* Localizable.strings in Resources */ = {isa = PBXBuildFile; fileRef = 3A640A29153BA96900BE001B /* Localizable.strings */; };
		3A640A2F153BA96900BE001B /* Localizable.strings in Resources */ = {isa = PBXBuildFile; fileRef = 3A640A2D153BA96900BE001B /* Localizable.strings */; };
		3A640A33153BA96900BE001B /* Localizable.strings in Resources */ = {isa = PBXBuildFile; fileRef = 3A640A31153BA96900BE001B /* Localizable.strings */; };
		3A640A37153BA96900BE001B /* Localizable.strings in Resources */ = {isa = PBXBuildFile; fileRef = 3A640A35153BA96900BE001B /* Localizable.strings */; };
		3A640A3A153BA96900BE001B /* icon.png in Resources */ = {isa = PBXBuildFile; fileRef = 3A640A39153BA96900BE001B /* icon.png */; };
		3A640A3C153BA96900BE001B /* icon@2x.png in Resources */ = {isa = PBXBuildFile; fileRef = 3A640A3B153BA96900BE001B /* icon@2x.png */; };
		3A640A3E153BA96900BE001B /* icon-72.png in Resources */ = {isa = PBXBuildFile; fileRef = 3A640A3D153BA96900BE001B /* icon-72.png */; };
		3A640A41153BA96900BE001B /* Default.png in Resources */ = {isa = PBXBuildFile; fileRef = 3A640A40153BA96900BE001B /* Default.png */; };
		3A640A43153BA96A00BE001B /* Default@2x.png in Resources */ = {isa = PBXBuildFile; fileRef = 3A640A42153BA96A00BE001B /* Default@2x.png */; };
		3A640A45153BA96B00BE001B /* Capture.bundle in Resources */ = {isa = PBXBuildFile; fileRef = 3A640A44153BA96B00BE001B /* Capture.bundle */; };
		3A640A47153BA96C00BE001B /* Cordova.plist in Resources */ = {isa = PBXBuildFile; fileRef = 3A640A46153BA96B00BE001B /* Cordova.plist */; };
		3A640A4B153BA96C00BE001B /* AppDelegate.m in Sources */ = {isa = PBXBuildFile; fileRef = 3A640A4A153BA96C00BE001B /* AppDelegate.m */; };
		3A640A4E153BA96C00BE001B /* MainViewController.m in Sources */ = {isa = PBXBuildFile; fileRef = 3A640A4D153BA96C00BE001B /* MainViewController.m */; };
		3A640A50153BA96C00BE001B /* MainViewController.xib in Resources */ = {isa = PBXBuildFile; fileRef = 3A640A4F153BA96C00BE001B /* MainViewController.xib */; };
		3A640A54153BA96C00BE001B /* verify.sh in Resources */ = {isa = PBXBuildFile; fileRef = 3A640A53153BA96C00BE001B /* verify.sh */; };
		3A640A5B153BA98900BE001B /* www in Resources */ = {isa = PBXBuildFile; fileRef = 3A640A5A153BA98900BE001B /* www */; };
		3A640A5E153BA99800BE001B /* LocalNotification.m in Sources */ = {isa = PBXBuildFile; fileRef = 3A640A5D153BA99800BE001B /* LocalNotification.m */; };
		3A640A60153BA9A700BE001B /* horn.caf in Resources */ = {isa = PBXBuildFile; fileRef = 3A640A5F153BA9A700BE001B /* horn.caf */; };
/* End PBXBuildFile section */

/* Begin PBXFileReference section */
		3A6409FE153BA96900BE001B /* Cordova LocalNotifications.app */ = {isa = PBXFileReference; explicitFileType = wrapper.application; includeInIndex = 0; path = "Cordova LocalNotifications.app"; sourceTree = BUILT_PRODUCTS_DIR; };
		3A640A02153BA96900BE001B /* Foundation.framework */ = {isa = PBXFileReference; lastKnownFileType = wrapper.framework; name = Foundation.framework; path = System/Library/Frameworks/Foundation.framework; sourceTree = SDKROOT; };
		3A640A04153BA96900BE001B /* UIKit.framework */ = {isa = PBXFileReference; lastKnownFileType = wrapper.framework; name = UIKit.framework; path = System/Library/Frameworks/UIKit.framework; sourceTree = SDKROOT; };
		3A640A06153BA96900BE001B /* CoreGraphics.framework */ = {isa = PBXFileReference; lastKnownFileType = wrapper.framework; name = CoreGraphics.framework; path = System/Library/Frameworks/CoreGraphics.framework; sourceTree = SDKROOT; };
		3A640A08153BA96900BE001B /* AddressBook.framework */ = {isa = PBXFileReference; lastKnownFileType = wrapper.framework; name = AddressBook.framework; path = System/Library/Frameworks/AddressBook.framework; sourceTree = SDKROOT; };
		3A640A0A153BA96900BE001B /* AddressBookUI.framework */ = {isa = PBXFileReference; lastKnownFileType = wrapper.framework; name = AddressBookUI.framework; path = System/Library/Frameworks/AddressBookUI.framework; sourceTree = SDKROOT; };
		3A640A0C153BA96900BE001B /* AudioToolbox.framework */ = {isa = PBXFileReference; lastKnownFileType = wrapper.framework; name = AudioToolbox.framework; path = System/Library/Frameworks/AudioToolbox.framework; sourceTree = SDKROOT; };
		3A640A0E153BA96900BE001B /* AVFoundation.framework */ = {isa = PBXFileReference; lastKnownFileType = wrapper.framework; name = AVFoundation.framework; path = System/Library/Frameworks/AVFoundation.framework; sourceTree = SDKROOT; };
		3A640A10153BA96900BE001B /* CoreLocation.framework */ = {isa = PBXFileReference; lastKnownFileType = wrapper.framework; name = CoreLocation.framework; path = System/Library/Frameworks/CoreLocation.framework; sourceTree = SDKROOT; };
		3A640A12153BA96900BE001B /* MediaPlayer.framework */ = {isa = PBXFileReference; lastKnownFileType = wrapper.framework; name = MediaPlayer.framework; path = System/Library/Frameworks/MediaPlayer.framework; sourceTree = SDKROOT; };
		3A640A14153BA96900BE001B /* QuartzCore.framework */ = {isa = PBXFileReference; lastKnownFileType = wrapper.framework; name = QuartzCore.framework; path = System/Library/Frameworks/QuartzCore.framework; sourceTree = SDKROOT; };
		3A640A16153BA96900BE001B /* SystemConfiguration.framework */ = {isa = PBXFileReference; lastKnownFileType = wrapper.framework; name = SystemConfiguration.framework; path = System/Library/Frameworks/SystemConfiguration.framework; sourceTree = SDKROOT; };
		3A640A18153BA96900BE001B /* MobileCoreServices.framework */ = {isa = PBXFileReference; lastKnownFileType = wrapper.framework; name = MobileCoreServices.framework; path = System/Library/Frameworks/MobileCoreServices.framework; sourceTree = SDKROOT; };
		3A640A1A153BA96900BE001B /* CoreMedia.framework */ = {isa = PBXFileReference; lastKnownFileType = wrapper.framework; name = CoreMedia.framework; path = System/Library/Frameworks/CoreMedia.framework; sourceTree = SDKROOT; };
		3A640A1E153BA96900BE001B /* Cordova LocalNotifications-Info.plist */ = {isa = PBXFileReference; lastKnownFileType = text.plist.xml; path = "Cordova LocalNotifications-Info.plist"; sourceTree = "<group>"; };
		3A640A20153BA96900BE001B /* en */ = {isa = PBXFileReference; lastKnownFileType = text.plist.strings; name = en; path = en.lproj/InfoPlist.strings; sourceTree = "<group>"; };
		3A640A22153BA96900BE001B /* main.m */ = {isa = PBXFileReference; lastKnownFileType = sourcecode.c.objc; path = main.m; sourceTree = "<group>"; };
		3A640A24153BA96900BE001B /* Cordova LocalNotifications-Prefix.pch */ = {isa = PBXFileReference; lastKnownFileType = sourcecode.c.h; path = "Cordova LocalNotifications-Prefix.pch"; sourceTree = "<group>"; };
		3A640A25153BA96900BE001B /* Cordova.framework */ = {isa = PBXFileReference; lastKnownFileType = wrapper.framework; name = Cordova.framework; path = /Users/Shared/Cordova/Frameworks/Cordova.framework; sourceTree = "<absolute>"; };
		3A640A2A153BA96900BE001B /* en */ = {isa = PBXFileReference; lastKnownFileType = text.plist.strings; name = en; path = Resources/en.lproj/Localizable.strings; sourceTree = "<group>"; };
		3A640A2E153BA96900BE001B /* es */ = {isa = PBXFileReference; lastKnownFileType = text.plist.strings; name = es; path = Resources/es.lproj/Localizable.strings; sourceTree = "<group>"; };
		3A640A32153BA96900BE001B /* de */ = {isa = PBXFileReference; lastKnownFileType = text.plist.strings; name = de; path = Resources/de.lproj/Localizable.strings; sourceTree = "<group>"; };
		3A640A36153BA96900BE001B /* se */ = {isa = PBXFileReference; lastKnownFileType = text.plist.strings; name = se; path = Resources/se.lproj/Localizable.strings; sourceTree = "<group>"; };
		3A640A39153BA96900BE001B /* icon.png */ = {isa = PBXFileReference; lastKnownFileType = image.png; name = icon.png; path = Resources/icons/icon.png; sourceTree = "<group>"; };
		3A640A3B153BA96900BE001B /* icon@2x.png */ = {isa = PBXFileReference; lastKnownFileType = image.png; name = "icon@2x.png"; path = "Resources/icons/icon@2x.png"; sourceTree = "<group>"; };
		3A640A3D153BA96900BE001B /* icon-72.png */ = {isa = PBXFileReference; lastKnownFileType = image.png; name = "icon-72.png"; path = "Resources/icons/icon-72.png"; sourceTree = "<group>"; };
		3A640A40153BA96900BE001B /* Default.png */ = {isa = PBXFileReference; lastKnownFileType = image.png; name = Default.png; path = Resources/splash/Default.png; sourceTree = "<group>"; };
		3A640A42153BA96A00BE001B /* Default@2x.png */ = {isa = PBXFileReference; lastKnownFileType = image.png; name = "Default@2x.png"; path = "Resources/splash/Default@2x.png"; sourceTree = "<group>"; };
		3A640A44153BA96B00BE001B /* Capture.bundle */ = {isa = PBXFileReference; lastKnownFileType = "wrapper.plug-in"; name = Capture.bundle; path = Resources/Capture.bundle; sourceTree = "<group>"; };
		3A640A46153BA96B00BE001B /* Cordova.plist */ = {isa = PBXFileReference; lastKnownFileType = text.plist.xml; path = Cordova.plist; sourceTree = "<group>"; };
		3A640A49153BA96C00BE001B /* AppDelegate.h */ = {isa = PBXFileReference; lastKnownFileType = sourcecode.c.h; name = AppDelegate.h; path = Classes/AppDelegate.h; sourceTree = "<group>"; };
		3A640A4A153BA96C00BE001B /* AppDelegate.m */ = {isa = PBXFileReference; lastKnownFileType = sourcecode.c.objc; name = AppDelegate.m; path = Classes/AppDelegate.m; sourceTree = "<group>"; };
		3A640A4C153BA96C00BE001B /* MainViewController.h */ = {isa = PBXFileReference; lastKnownFileType = sourcecode.c.h; name = MainViewController.h; path = Classes/MainViewController.h; sourceTree = "<group>"; };
		3A640A4D153BA96C00BE001B /* MainViewController.m */ = {isa = PBXFileReference; lastKnownFileType = sourcecode.c.objc; name = MainViewController.m; path = Classes/MainViewController.m; sourceTree = "<group>"; };
		3A640A4F153BA96C00BE001B /* MainViewController.xib */ = {isa = PBXFileReference; lastKnownFileType = file.xib; name = MainViewController.xib; path = Classes/MainViewController.xib; sourceTree = "<group>"; };
		3A640A52153BA96C00BE001B /* README */ = {isa = PBXFileReference; lastKnownFileType = text; name = README; path = Plugins/README; sourceTree = "<group>"; };
		3A640A53153BA96C00BE001B /* verify.sh */ = {isa = PBXFileReference; lastKnownFileType = text.script.sh; path = verify.sh; sourceTree = "<group>"; };
		3A640A5A153BA98900BE001B /* www */ = {isa = PBXFileReference; lastKnownFileType = folder; path = www; sourceTree = "<group>"; };
		3A640A5C153BA99800BE001B /* LocalNotification.h */ = {isa = PBXFileReference; fileEncoding = 4; lastKnownFileType = sourcecode.c.h; path = LocalNotification.h; sourceTree = "<group>"; };
		3A640A5D153BA99800BE001B /* LocalNotification.m */ = {isa = PBXFileReference; fileEncoding = 4; lastKnownFileType = sourcecode.c.objc; path = LocalNotification.m; sourceTree = "<group>"; };
		3A640A5F153BA9A700BE001B /* horn.caf */ = {isa = PBXFileReference; lastKnownFileType = file; path = horn.caf; sourceTree = "<group>"; };
/* End PBXFileReference section */

/* Begin PBXFrameworksBuildPhase section */
		3A6409F8153BA96900BE001B /* Frameworks */ = {
			isa = PBXFrameworksBuildPhase;
			buildActionMask = 2147483647;
			files = (
				3A640A03153BA96900BE001B /* Foundation.framework in Frameworks */,
				3A640A05153BA96900BE001B /* UIKit.framework in Frameworks */,
				3A640A07153BA96900BE001B /* CoreGraphics.framework in Frameworks */,
				3A640A09153BA96900BE001B /* AddressBook.framework in Frameworks */,
				3A640A0B153BA96900BE001B /* AddressBookUI.framework in Frameworks */,
				3A640A0D153BA96900BE001B /* AudioToolbox.framework in Frameworks */,
				3A640A0F153BA96900BE001B /* AVFoundation.framework in Frameworks */,
				3A640A11153BA96900BE001B /* CoreLocation.framework in Frameworks */,
				3A640A13153BA96900BE001B /* MediaPlayer.framework in Frameworks */,
				3A640A15153BA96900BE001B /* QuartzCore.framework in Frameworks */,
				3A640A17153BA96900BE001B /* SystemConfiguration.framework in Frameworks */,
				3A640A19153BA96900BE001B /* MobileCoreServices.framework in Frameworks */,
				3A640A1B153BA96900BE001B /* CoreMedia.framework in Frameworks */,
				3A640A26153BA96900BE001B /* Cordova.framework in Frameworks */,
			);
			runOnlyForDeploymentPostprocessing = 0;
		};
		3A6409FB153BA96900BE001B /* Frameworks */ = {
			isa = PBXFrameworksBuildPhase;
			buildActionMask = 2147483647;
			files = (
			);
			runOnlyForDeploymentPostprocessing = 0;
		};
/* End PBXFrameworksBuildPhase section */

/* Begin PBXGroup section */
		3A6409F0153BA96900BE001B = {
			isa = PBXGroup;
			children = (
				3A640A1C153BA96900BE001B /* Cordova LocalNotifications */,
				3A640A01153BA96900BE001B /* Frameworks */,
				3A6409FF153BA96900BE001B /* Products */,
			);
			sourceTree = "<group>";
		};
		3A6409FF153BA96900BE001B /* Products */ = {
			isa = PBXGroup;
			children = (
				3A6409FE153BA96900BE001B /* Cordova LocalNotifications.app */,
			);
			name = Products;
			sourceTree = "<group>";
		};
		3A640A01153BA96900BE001B /* Frameworks */ = {
			isa = PBXGroup;
			children = (
				3A640A02153BA96900BE001B /* Foundation.framework */,
				3A640A04153BA96900BE001B /* UIKit.framework */,
				3A640A06153BA96900BE001B /* CoreGraphics.framework */,
				3A640A08153BA96900BE001B /* AddressBook.framework */,
				3A640A0A153BA96900BE001B /* AddressBookUI.framework */,
				3A640A0C153BA96900BE001B /* AudioToolbox.framework */,
				3A640A0E153BA96900BE001B /* AVFoundation.framework */,
				3A640A10153BA96900BE001B /* CoreLocation.framework */,
				3A640A12153BA96900BE001B /* MediaPlayer.framework */,
				3A640A14153BA96900BE001B /* QuartzCore.framework */,
				3A640A16153BA96900BE001B /* SystemConfiguration.framework */,
				3A640A18153BA96900BE001B /* MobileCoreServices.framework */,
				3A640A1A153BA96900BE001B /* CoreMedia.framework */,
			);
			name = Frameworks;
			sourceTree = "<group>";
		};
		3A640A1C153BA96900BE001B /* Cordova LocalNotifications */ = {
			isa = PBXGroup;
			children = (
				3A640A5A153BA98900BE001B /* www */,
				3A640A25153BA96900BE001B /* Cordova.framework */,
				3A640A27153BA96900BE001B /* Resources */,
				3A640A48153BA96C00BE001B /* Classes */,
				3A640A51153BA96C00BE001B /* Plugins */,
				3A640A1D153BA96900BE001B /* Supporting Files */,
			);
			path = "Cordova LocalNotifications";
			sourceTree = "<group>";
		};
		3A640A1D153BA96900BE001B /* Supporting Files */ = {
			isa = PBXGroup;
			children = (
				3A640A1E153BA96900BE001B /* Cordova LocalNotifications-Info.plist */,
				3A640A1F153BA96900BE001B /* InfoPlist.strings */,
				3A640A22153BA96900BE001B /* main.m */,
				3A640A24153BA96900BE001B /* Cordova LocalNotifications-Prefix.pch */,
				3A640A46153BA96B00BE001B /* Cordova.plist */,
				3A640A4F153BA96C00BE001B /* MainViewController.xib */,
				3A640A53153BA96C00BE001B /* verify.sh */,
			);
			name = "Supporting Files";
			sourceTree = "<group>";
		};
		3A640A27153BA96900BE001B /* Resources */ = {
			isa = PBXGroup;
			children = (
				3A640A5F153BA9A700BE001B /* horn.caf */,
				3A640A44153BA96B00BE001B /* Capture.bundle */,
				3A640A28153BA96900BE001B /* en.lproj */,
				3A640A2C153BA96900BE001B /* es.lproj */,
				3A640A30153BA96900BE001B /* de.lproj */,
				3A640A34153BA96900BE001B /* se.lproj */,
				3A640A38153BA96900BE001B /* icons */,
				3A640A3F153BA96900BE001B /* splash */,
			);
			name = Resources;
			sourceTree = "<group>";
		};
		3A640A28153BA96900BE001B /* en.lproj */ = {
			isa = PBXGroup;
			children = (
				3A640A29153BA96900BE001B /* Localizable.strings */,
			);
			name = en.lproj;
			sourceTree = "<group>";
		};
		3A640A2C153BA96900BE001B /* es.lproj */ = {
			isa = PBXGroup;
			children = (
				3A640A2D153BA96900BE001B /* Localizable.strings */,
			);
			name = es.lproj;
			sourceTree = "<group>";
		};
		3A640A30153BA96900BE001B /* de.lproj */ = {
			isa = PBXGroup;
			children = (
				3A640A31153BA96900BE001B /* Localizable.strings */,
			);
			name = de.lproj;
			sourceTree = "<group>";
		};
		3A640A34153BA96900BE001B /* se.lproj */ = {
			isa = PBXGroup;
			children = (
				3A640A35153BA96900BE001B /* Localizable.strings */,
			);
			name = se.lproj;
			sourceTree = "<group>";
		};
		3A640A38153BA96900BE001B /* icons */ = {
			isa = PBXGroup;
			children = (
				3A640A39153BA96900BE001B /* icon.png */,
				3A640A3B153BA96900BE001B /* icon@2x.png */,
				3A640A3D153BA96900BE001B /* icon-72.png */,
			);
			name = icons;
			sourceTree = "<group>";
		};
		3A640A3F153BA96900BE001B /* splash */ = {
			isa = PBXGroup;
			children = (
				3A640A40153BA96900BE001B /* Default.png */,
				3A640A42153BA96A00BE001B /* Default@2x.png */,
			);
			name = splash;
			sourceTree = "<group>";
		};
		3A640A48153BA96C00BE001B /* Classes */ = {
			isa = PBXGroup;
			children = (
				3A640A49153BA96C00BE001B /* AppDelegate.h */,
				3A640A4A153BA96C00BE001B /* AppDelegate.m */,
				3A640A4C153BA96C00BE001B /* MainViewController.h */,
				3A640A4D153BA96C00BE001B /* MainViewController.m */,
			);
			name = Classes;
			sourceTree = "<group>";
		};
		3A640A51153BA96C00BE001B /* Plugins */ = {
			isa = PBXGroup;
			children = (
				3A640A5C153BA99800BE001B /* LocalNotification.h */,
				3A640A5D153BA99800BE001B /* LocalNotification.m */,
				3A640A52153BA96C00BE001B /* README */,
			);
			name = Plugins;
			sourceTree = "<group>";
		};
/* End PBXGroup section */

/* Begin PBXNativeTarget section */
		3A6409FD153BA96900BE001B /* Cordova LocalNotifications */ = {
			isa = PBXNativeTarget;
			buildConfigurationList = 3A640A57153BA96C00BE001B /* Build configuration list for PBXNativeTarget "Cordova LocalNotifications" */;
			buildPhases = (
				3A6409F7153BA96900BE001B /* Sources */,
				3A6409F8153BA96900BE001B /* Frameworks */,
				3A6409F9153BA96900BE001B /* Resources */,
				3A6409FA153BA96900BE001B /* Sources */,
				3A6409FB153BA96900BE001B /* Frameworks */,
				3A6409FC153BA96900BE001B /* ShellScript */,
			);
			buildRules = (
			);
			dependencies = (
			);
			name = "Cordova LocalNotifications";
			productName = "Cordova LocalNotifications";
			productReference = 3A6409FE153BA96900BE001B /* Cordova LocalNotifications.app */;
			productType = "com.apple.product-type.application";
		};
/* End PBXNativeTarget section */

/* Begin PBXProject section */
		3A6409F2153BA96900BE001B /* Project object */ = {
			isa = PBXProject;
			attributes = {
				LastUpgradeCheck = 0430;
				ORGANIZATIONNAME = meusPartum;
			};
			buildConfigurationList = 3A6409F5153BA96900BE001B /* Build configuration list for PBXProject "Cordova LocalNotifications" */;
			compatibilityVersion = "Xcode 3.2";
			developmentRegion = English;
			hasScannedForEncodings = 0;
			knownRegions = (
				en,
				es,
				de,
				se,
			);
			mainGroup = 3A6409F0153BA96900BE001B;
			productRefGroup = 3A6409FF153BA96900BE001B /* Products */;
			projectDirPath = "";
			projectRoot = "";
			targets = (
				3A6409FD153BA96900BE001B /* Cordova LocalNotifications */,
			);
		};
/* End PBXProject section */

/* Begin PBXResourcesBuildPhase section */
		3A6409F9153BA96900BE001B /* Resources */ = {
			isa = PBXResourcesBuildPhase;
			buildActionMask = 2147483647;
			files = (
				3A640A21153BA96900BE001B /* InfoPlist.strings in Resources */,
				3A640A2B153BA96900BE001B /* Localizable.strings in Resources */,
				3A640A2F153BA96900BE001B /* Localizable.strings in Resources */,
				3A640A33153BA96900BE001B /* Localizable.strings in Resources */,
				3A640A37153BA96900BE001B /* Localizable.strings in Resources */,
				3A640A3A153BA96900BE001B /* icon.png in Resources */,
				3A640A3C153BA96900BE001B /* icon@2x.png in Resources */,
				3A640A3E153BA96900BE001B /* icon-72.png in Resources */,
				3A640A41153BA96900BE001B /* Default.png in Resources */,
				3A640A43153BA96A00BE001B /* Default@2x.png in Resources */,
				3A640A45153BA96B00BE001B /* Capture.bundle in Resources */,
				3A640A47153BA96C00BE001B /* Cordova.plist in Resources */,
				3A640A50153BA96C00BE001B /* MainViewController.xib in Resources */,
				3A640A54153BA96C00BE001B /* verify.sh in Resources */,
				3A640A5B153BA98900BE001B /* www in Resources */,
				3A640A60153BA9A700BE001B /* horn.caf in Resources */,
			);
			runOnlyForDeploymentPostprocessing = 0;
		};
/* End PBXResourcesBuildPhase section */

/* Begin PBXShellScriptBuildPhase section */
		3A6409FC153BA96900BE001B /* ShellScript */ = {
			isa = PBXShellScriptBuildPhase;
			buildActionMask = 2147483647;
			files = (
			);
			inputPaths = (
			);
			outputPaths = (
			);
			runOnlyForDeploymentPostprocessing = 0;
			shellPath = /bin/bash;
			shellScript = "\n\t\t\t\t\t\t\t\tchmod 755 \"$PROJECT_DIR/$PROJECT_NAME/verify.sh\"\n\t\t\t\t\t\t\t\t\"$PROJECT_DIR/$PROJECT_NAME/verify.sh\"\n\t\t\t\t\t";
		};
/* End PBXShellScriptBuildPhase section */

/* Begin PBXSourcesBuildPhase section */
		3A6409F7153BA96900BE001B /* Sources */ = {
			isa = PBXSourcesBuildPhase;
			buildActionMask = 2147483647;
			files = (
				3A640A23153BA96900BE001B /* main.m in Sources */,
				3A640A4B153BA96C00BE001B /* AppDelegate.m in Sources */,
				3A640A4E153BA96C00BE001B /* MainViewController.m in Sources */,
				3A640A5E153BA99800BE001B /* LocalNotification.m in Sources */,
			);
			runOnlyForDeploymentPostprocessing = 0;
		};
		3A6409FA153BA96900BE001B /* Sources */ = {
			isa = PBXSourcesBuildPhase;
			buildActionMask = 2147483647;
			files = (
			);
			runOnlyForDeploymentPostprocessing = 0;
		};
/* End PBXSourcesBuildPhase section */

/* Begin PBXVariantGroup section */
		3A640A1F153BA96900BE001B /* InfoPlist.strings */ = {
			isa = PBXVariantGroup;
			children = (
				3A640A20153BA96900BE001B /* en */,
			);
			name = InfoPlist.strings;
			sourceTree = "<group>";
		};
		3A640A29153BA96900BE001B /* Localizable.strings */ = {
			isa = PBXVariantGroup;
			children = (
				3A640A2A153BA96900BE001B /* en */,
			);
			name = Localizable.strings;
			sourceTree = "<group>";
		};
		3A640A2D153BA96900BE001B /* Localizable.strings */ = {
			isa = PBXVariantGroup;
			children = (
				3A640A2E153BA96900BE001B /* es */,
			);
			name = Localizable.strings;
			sourceTree = "<group>";
		};
		3A640A31153BA96900BE001B /* Localizable.strings */ = {
			isa = PBXVariantGroup;
			children = (
				3A640A32153BA96900BE001B /* de */,
			);
			name = Localizable.strings;
			sourceTree = "<group>";
		};
		3A640A35153BA96900BE001B /* Localizable.strings */ = {
			isa = PBXVariantGroup;
			children = (
				3A640A36153BA96900BE001B /* se */,
			);
			name = Localizable.strings;
			sourceTree = "<group>";
		};
/* End PBXVariantGroup section */

/* Begin XCBuildConfiguration section */
		3A640A55153BA96C00BE001B /* Debug */ = {
			isa = XCBuildConfiguration;
			buildSettings = {
				ALWAYS_SEARCH_USER_PATHS = NO;
				ARCHS = (
					armv6,
					"$(ARCHS_STANDARD_32_BIT)",
				);
				"CODE_SIGN_IDENTITY[sdk=iphoneos*]" = "iPhone Developer";
				COPY_PHASE_STRIP = NO;
				GCC_C_LANGUAGE_STANDARD = gnu99;
				GCC_DYNAMIC_NO_PIC = NO;
				GCC_OPTIMIZATION_LEVEL = 0;
				GCC_PREPROCESSOR_DEFINITIONS = (
					"DEBUG=1",
					"$(inherited)",
				);
				GCC_SYMBOLS_PRIVATE_EXTERN = NO;
				GCC_VERSION = com.apple.compilers.llvm.clang.1_0;
				GCC_WARN_ABOUT_RETURN_TYPE = YES;
				GCC_WARN_UNINITIALIZED_AUTOS = YES;
				GCC_WARN_UNUSED_VARIABLE = YES;
				IPHONEOS_DEPLOYMENT_TARGET = 3.0;
				SDKROOT = iphoneos;
			};
			name = Debug;
		};
		3A640A56153BA96C00BE001B /* Release */ = {
			isa = XCBuildConfiguration;
			buildSettings = {
				ALWAYS_SEARCH_USER_PATHS = NO;
				ARCHS = (
					armv6,
					"$(ARCHS_STANDARD_32_BIT)",
				);
				"CODE_SIGN_IDENTITY[sdk=iphoneos*]" = "iPhone Developer";
				COPY_PHASE_STRIP = YES;
				GCC_C_LANGUAGE_STANDARD = gnu99;
				GCC_VERSION = com.apple.compilers.llvm.clang.1_0;
				GCC_WARN_ABOUT_RETURN_TYPE = YES;
				GCC_WARN_UNINITIALIZED_AUTOS = YES;
				GCC_WARN_UNUSED_VARIABLE = YES;
				IPHONEOS_DEPLOYMENT_TARGET = 3.0;
				SDKROOT = iphoneos;
				VALIDATE_PRODUCT = YES;
			};
			name = Release;
		};
		3A640A58153BA96C00BE001B /* Debug */ = {
			isa = XCBuildConfiguration;
			buildSettings = {
				ALWAYS_SEARCH_USER_PATHS = YES;
				COPY_PHASE_STRIP = NO;
				FRAMEWORK_SEARCH_PATHS = /Users/Shared/Cordova/Frameworks;
				GCC_DYNAMIC_NO_PIC = NO;
				GCC_PRECOMPILE_PREFIX_HEADER = YES;
				GCC_PREFIX_HEADER = "Cordova LocalNotifications/Cordova LocalNotifications-Prefix.pch";
				GCC_PREPROCESSOR_DEFINITIONS = (
					"DEBUG=1,",
					"CORDOVA_FRAMEWORK=1",
				);
				INFOPLIST_FILE = "Cordova LocalNotifications/Cordova LocalNotifications-Info.plist";
				OTHER_LDFLAGS = (
					"-weak_framework",
					UIKit,
					"-weak_framework",
					AVFoundation,
					"-weak_framework",
					CoreMedia,
					"-weak_library",
					/usr/lib/libSystem.B.dylib,
				);
				PRODUCT_NAME = "$(TARGET_NAME)";
				TARGETED_DEVICE_FAMILY = "1,2";
				WRAPPER_EXTENSION = app;
			};
			name = Debug;
		};
		3A640A59153BA96C00BE001B /* Release */ = {
			isa = XCBuildConfiguration;
			buildSettings = {
				ALWAYS_SEARCH_USER_PATHS = YES;
				COPY_PHASE_STRIP = YES;
				DEBUG_INFORMATION_FORMAT = "dwarf-with-dsym";
				FRAMEWORK_SEARCH_PATHS = /Users/Shared/Cordova/Frameworks;
				GCC_PRECOMPILE_PREFIX_HEADER = YES;
				GCC_PREFIX_HEADER = "Cordova LocalNotifications/Cordova LocalNotifications-Prefix.pch";
				GCC_PREPROCESSOR_DEFINITIONS = (
					"NDEBUG=1,",
					"CORDOVA_FRAMEWORK=1",
				);
				INFOPLIST_FILE = "Cordova LocalNotifications/Cordova LocalNotifications-Info.plist";
				OTHER_LDFLAGS = (
					"-weak_framework",
					UIKit,
					"-weak_framework",
					AVFoundation,
					"-weak_framework",
					CoreMedia,
					"-weak_library",
					/usr/lib/libSystem.B.dylib,
				);
				PRODUCT_NAME = "$(TARGET_NAME)";
				TARGETED_DEVICE_FAMILY = "1,2";
				VALIDATE_PRODUCT = YES;
				WRAPPER_EXTENSION = app;
			};
			name = Release;
		};
/* End XCBuildConfiguration section */

/* Begin XCConfigurationList section */
		3A6409F5153BA96900BE001B /* Build configuration list for PBXProject "Cordova LocalNotifications" */ = {
			isa = XCConfigurationList;
			buildConfigurations = (
				3A640A55153BA96C00BE001B /* Debug */,
				3A640A56153BA96C00BE001B /* Release */,
			);
			defaultConfigurationIsVisible = 0;
			defaultConfigurationName = Release;
		};
		3A640A57153BA96C00BE001B /* Build configuration list for PBXNativeTarget "Cordova LocalNotifications" */ = {
			isa = XCConfigurationList;
			buildConfigurations = (
				3A640A58153BA96C00BE001B /* Debug */,
				3A640A59153BA96C00BE001B /* Release */,
			);
			defaultConfigurationIsVisible = 0;
		};
/* End XCConfigurationList section */
	};
	rootObject = 3A6409F2153BA96900BE001B /* Project object */;
}
